{
  "object": {
    "pins": [
      {
        "package": "Test",
        "repositoryURL": "https://github.com/tris-foundation/test.git",
        "state": {
          "branch": "master",
          "revision": "52e34a8af66506d56d00131ed0f52396d47190c1",
          "version": null
        }
      }
    ]
  },
  "version": 1
}
